
Microsoft Visual Studio Solution File, Format Version 12.00
# Visual Studio Version 17
VisualStudioVersion = 17.7.34202.233
MinimumVisualStudioVersion = 10.0.40219.1
Project("{FAE04EC0-301F-11D3-BF4B-00C04F79EFBC}") = "Bubble Sort", "Bubble Sort\Bubble Sort.csproj", "{FA99DB71-7C00-4566-A2EC-124E9F8039B4}"
EndProject
Global
	GlobalSection(SolutionConfigurationPlatforms) = preSolution
		Debug|Any CPU = Debug|Any CPU
		Release|Any CPU = Release|Any CPU
	EndGlobalSection
	GlobalSection(ProjectConfigurationPlatforms) = postSolution
		{FA99DB71-7C00-4566-A2EC-124E9F8039B4}.Debug|Any CPU.ActiveCfg = Debug|Any CPU
		{FA99DB71-7C00-4566-A2EC-124E9F8039B4}.Debug|Any CPU.Build.0 = Debug|Any CPU
		{FA99DB71-7C00-4566-A2EC-124E9F8039B4}.Release|Any CPU.ActiveCfg = Release|Any CPU
		{FA99DB71-7C00-4566-A2EC-124E9F8039B4}.Release|Any CPU.Build.0 = Release|Any CPU
	EndGlobalSection
	GlobalSection(SolutionProperties) = preSolution
		HideSolutionNode = FALSE
	EndGlobalSection
	GlobalSection(ExtensibilityGlobals) = postSolution
		SolutionGuid = {14A04EA6-61B5-4E78-8E06-6F53D95279A9}
	EndGlobalSection
EndGlobal
